
Microsoft Visual Studio Solution File, Format Version 12.00
# Visual Studio Version 17
VisualStudioVersion = 17.1.32421.90
MinimumVisualStudioVersion = 10.0.40219.1
Project("{9A19103F-16F7-4668-BE54-9A1E7A4F7556}") = "PandologicReact", "PandologicReact.csproj", "{C998D847-7E50-4009-9A52-8CC987448907}"
EndProject
Project("{FAE04EC0-301F-11D3-BF4B-00C04F79EFBC}") = "TestProject1", "..\TestProject1\TestProject1.csproj", "{C2ED9F56-238B-4514-88E2-2E5D48370248}"
EndProject
Global
	GlobalSection(SolutionConfigurationPlatforms) = preSolution
		Debug|Any CPU = Debug|Any CPU
		Release|Any CPU = Release|Any CPU
	EndGlobalSection
	GlobalSection(ProjectConfigurationPlatforms) = postSolution
		{C998D847-7E50-4009-9A52-8CC987448907}.Debug|Any CPU.ActiveCfg = Debug|Any CPU
		{C998D847-7E50-4009-9A52-8CC987448907}.Debug|Any CPU.Build.0 = Debug|Any CPU
		{C998D847-7E50-4009-9A52-8CC987448907}.Release|Any CPU.ActiveCfg = Release|Any CPU
		{C998D847-7E50-4009-9A52-8CC987448907}.Release|Any CPU.Build.0 = Release|Any CPU
		{C2ED9F56-238B-4514-88E2-2E5D48370248}.Debug|Any CPU.ActiveCfg = Debug|Any CPU
		{C2ED9F56-238B-4514-88E2-2E5D48370248}.Debug|Any CPU.Build.0 = Debug|Any CPU
		{C2ED9F56-238B-4514-88E2-2E5D48370248}.Release|Any CPU.ActiveCfg = Release|Any CPU
		{C2ED9F56-238B-4514-88E2-2E5D48370248}.Release|Any CPU.Build.0 = Release|Any CPU
	EndGlobalSection
	GlobalSection(SolutionProperties) = preSolution
		HideSolutionNode = FALSE
	EndGlobalSection
	GlobalSection(ExtensibilityGlobals) = postSolution
		SolutionGuid = {112B1455-9DB3-4BD7-85F0-7E4C26963BCB}
	EndGlobalSection
EndGlobal
